
Microsoft Visual Studio Solution File, Format Version 12.00
# Visual Studio 15
VisualStudioVersion = 15.0.28307.489
MinimumVisualStudioVersion = 10.0.40219.1
Project("{FAE04EC0-301F-11D3-BF4B-00C04F79EFBC}") = "oop6.3", "oop6.3\oop6.3.csproj", "{B8D6554E-3555-4A8B-A4E0-DF4F37B5FE5C}"
EndProject
Global
	GlobalSection(SolutionConfigurationPlatforms) = preSolution
		Debug|Any CPU = Debug|Any CPU
		Release|Any CPU = Release|Any CPU
	EndGlobalSection
	GlobalSection(ProjectConfigurationPlatforms) = postSolution
		{B8D6554E-3555-4A8B-A4E0-DF4F37B5FE5C}.Debug|Any CPU.ActiveCfg = Debug|Any CPU
		{B8D6554E-3555-4A8B-A4E0-DF4F37B5FE5C}.Debug|Any CPU.Build.0 = Debug|Any CPU
		{B8D6554E-3555-4A8B-A4E0-DF4F37B5FE5C}.Release|Any CPU.ActiveCfg = Release|Any CPU
		{B8D6554E-3555-4A8B-A4E0-DF4F37B5FE5C}.Release|Any CPU.Build.0 = Release|Any CPU
	EndGlobalSection
	GlobalSection(SolutionProperties) = preSolution
		HideSolutionNode = FALSE
	EndGlobalSection
	GlobalSection(ExtensibilityGlobals) = postSolution
		SolutionGuid = {0169C843-956D-4649-ADB1-28A9F4C82D06}
	EndGlobalSection
EndGlobal
