
Microsoft Visual Studio Solution File, Format Version 12.00
# Visual Studio 15
VisualStudioVersion = 15.0.28307.489
MinimumVisualStudioVersion = 10.0.40219.1
Project("{FAE04EC0-301F-11D3-BF4B-00C04F79EFBC}") = "oop6.2", "oop6.2\oop6.2.csproj", "{7DA10798-64A7-40E7-8F38-1146D65DFFBF}"
EndProject
Global
	GlobalSection(SolutionConfigurationPlatforms) = preSolution
		Debug|Any CPU = Debug|Any CPU
		Release|Any CPU = Release|Any CPU
	EndGlobalSection
	GlobalSection(ProjectConfigurationPlatforms) = postSolution
		{7DA10798-64A7-40E7-8F38-1146D65DFFBF}.Debug|Any CPU.ActiveCfg = Debug|Any CPU
		{7DA10798-64A7-40E7-8F38-1146D65DFFBF}.Debug|Any CPU.Build.0 = Debug|Any CPU
		{7DA10798-64A7-40E7-8F38-1146D65DFFBF}.Release|Any CPU.ActiveCfg = Release|Any CPU
		{7DA10798-64A7-40E7-8F38-1146D65DFFBF}.Release|Any CPU.Build.0 = Release|Any CPU
	EndGlobalSection
	GlobalSection(SolutionProperties) = preSolution
		HideSolutionNode = FALSE
	EndGlobalSection
	GlobalSection(ExtensibilityGlobals) = postSolution
		SolutionGuid = {E69E64A0-008B-4C45-BDC8-F64E02F7BA8B}
	EndGlobalSection
EndGlobal
